
Microsoft Visual Studio Solution File, Format Version 12.00
# Visual Studio Version 17
VisualStudioVersion = 17.0.31903.59
MinimumVisualStudioVersion = 10.0.40219.1
Project("{FAE04EC0-301F-11D3-BF4B-00C04F79EFBC}") = "DevStack.API.Models", "DevStack.API.Models\DevStack.API.Models.csproj", "{8883705F-7A19-4F8C-962B-F373997415D7}"
EndProject
Project("{FAE04EC0-301F-11D3-BF4B-00C04F79EFBC}") = "DevStack.API.DataAccess", "DevStack.API.DataAccess\DevStack.API.DataAccess.csproj", "{750CD8DA-FE95-47B9-A6AD-AB2434541AA9}"
EndProject
Project("{FAE04EC0-301F-11D3-BF4B-00C04F79EFBC}") = "DevStack.API.PlatformLogic", "DevStack.API.PlatformLogic\DevStack.API.PlatformLogic.csproj", "{711BBAEF-860D-41DB-8812-2BE276118D23}"
EndProject
Project("{FAE04EC0-301F-11D3-BF4B-00C04F79EFBC}") = "DevStack.API.WebService", "DevStack.API.WebService\DevStack.API.WebService.csproj", "{E98CA143-98FB-4B00-8E96-5218FFD84D23}"
EndProject
Global
	GlobalSection(SolutionConfigurationPlatforms) = preSolution
		Debug|Any CPU = Debug|Any CPU
		Debug|x64 = Debug|x64
		Debug|x86 = Debug|x86
		Release|Any CPU = Release|Any CPU
		Release|x64 = Release|x64
		Release|x86 = Release|x86
	EndGlobalSection
	GlobalSection(ProjectConfigurationPlatforms) = postSolution
		{8883705F-7A19-4F8C-962B-F373997415D7}.Debug|Any CPU.ActiveCfg = Debug|Any CPU
		{8883705F-7A19-4F8C-962B-F373997415D7}.Debug|Any CPU.Build.0 = Debug|Any CPU
		{8883705F-7A19-4F8C-962B-F373997415D7}.Debug|x64.ActiveCfg = Debug|Any CPU
		{8883705F-7A19-4F8C-962B-F373997415D7}.Debug|x64.Build.0 = Debug|Any CPU
		{8883705F-7A19-4F8C-962B-F373997415D7}.Debug|x86.ActiveCfg = Debug|Any CPU
		{8883705F-7A19-4F8C-962B-F373997415D7}.Debug|x86.Build.0 = Debug|Any CPU
		{8883705F-7A19-4F8C-962B-F373997415D7}.Release|Any CPU.ActiveCfg = Release|Any CPU
		{8883705F-7A19-4F8C-962B-F373997415D7}.Release|Any CPU.Build.0 = Release|Any CPU
		{8883705F-7A19-4F8C-962B-F373997415D7}.Release|x64.ActiveCfg = Release|Any CPU
		{8883705F-7A19-4F8C-962B-F373997415D7}.Release|x64.Build.0 = Release|Any CPU
		{8883705F-7A19-4F8C-962B-F373997415D7}.Release|x86.ActiveCfg = Release|Any CPU
		{8883705F-7A19-4F8C-962B-F373997415D7}.Release|x86.Build.0 = Release|Any CPU
		{750CD8DA-FE95-47B9-A6AD-AB2434541AA9}.Debug|Any CPU.ActiveCfg = Debug|Any CPU
		{750CD8DA-FE95-47B9-A6AD-AB2434541AA9}.Debug|Any CPU.Build.0 = Debug|Any CPU
		{750CD8DA-FE95-47B9-A6AD-AB2434541AA9}.Debug|x64.ActiveCfg = Debug|Any CPU
		{750CD8DA-FE95-47B9-A6AD-AB2434541AA9}.Debug|x64.Build.0 = Debug|Any CPU
		{750CD8DA-FE95-47B9-A6AD-AB2434541AA9}.Debug|x86.ActiveCfg = Debug|Any CPU
		{750CD8DA-FE95-47B9-A6AD-AB2434541AA9}.Debug|x86.Build.0 = Debug|Any CPU
		{750CD8DA-FE95-47B9-A6AD-AB2434541AA9}.Release|Any CPU.ActiveCfg = Release|Any CPU
		{750CD8DA-FE95-47B9-A6AD-AB2434541AA9}.Release|Any CPU.Build.0 = Release|Any CPU
		{750CD8DA-FE95-47B9-A6AD-AB2434541AA9}.Release|x64.ActiveCfg = Release|Any CPU
		{750CD8DA-FE95-47B9-A6AD-AB2434541AA9}.Release|x64.Build.0 = Release|Any CPU
		{750CD8DA-FE95-47B9-A6AD-AB2434541AA9}.Release|x86.ActiveCfg = Release|Any CPU
		{750CD8DA-FE95-47B9-A6AD-AB2434541AA9}.Release|x86.Build.0 = Release|Any CPU
		{711BBAEF-860D-41DB-8812-2BE276118D23}.Debug|Any CPU.ActiveCfg = Debug|Any CPU
		{711BBAEF-860D-41DB-8812-2BE276118D23}.Debug|Any CPU.Build.0 = Debug|Any CPU
		{711BBAEF-860D-41DB-8812-2BE276118D23}.Debug|x64.ActiveCfg = Debug|Any CPU
		{711BBAEF-860D-41DB-8812-2BE276118D23}.Debug|x64.Build.0 = Debug|Any CPU
		{711BBAEF-860D-41DB-8812-2BE276118D23}.Debug|x86.ActiveCfg = Debug|Any CPU
		{711BBAEF-860D-41DB-8812-2BE276118D23}.Debug|x86.Build.0 = Debug|Any CPU
		{711BBAEF-860D-41DB-8812-2BE276118D23}.Release|Any CPU.ActiveCfg = Release|Any CPU
		{711BBAEF-860D-41DB-8812-2BE276118D23}.Release|Any CPU.Build.0 = Release|Any CPU
		{711BBAEF-860D-41DB-8812-2BE276118D23}.Release|x64.ActiveCfg = Release|Any CPU
		{711BBAEF-860D-41DB-8812-2BE276118D23}.Release|x64.Build.0 = Release|Any CPU
		{711BBAEF-860D-41DB-8812-2BE276118D23}.Release|x86.ActiveCfg = Release|Any CPU
		{711BBAEF-860D-41DB-8812-2BE276118D23}.Release|x86.Build.0 = Release|Any CPU
		{E98CA143-98FB-4B00-8E96-5218FFD84D23}.Debug|Any CPU.ActiveCfg = Debug|Any CPU
		{E98CA143-98FB-4B00-8E96-5218FFD84D23}.Debug|Any CPU.Build.0 = Debug|Any CPU
		{E98CA143-98FB-4B00-8E96-5218FFD84D23}.Debug|x64.ActiveCfg = Debug|Any CPU
		{E98CA143-98FB-4B00-8E96-5218FFD84D23}.Debug|x64.Build.0 = Debug|Any CPU
		{E98CA143-98FB-4B00-8E96-5218FFD84D23}.Debug|x86.ActiveCfg = Debug|Any CPU
		{E98CA143-98FB-4B00-8E96-5218FFD84D23}.Debug|x86.Build.0 = Debug|Any CPU
		{E98CA143-98FB-4B00-8E96-5218FFD84D23}.Release|Any CPU.ActiveCfg = Release|Any CPU
		{E98CA143-98FB-4B00-8E96-5218FFD84D23}.Release|Any CPU.Build.0 = Release|Any CPU
		{E98CA143-98FB-4B00-8E96-5218FFD84D23}.Release|x64.ActiveCfg = Release|Any CPU
		{E98CA143-98FB-4B00-8E96-5218FFD84D23}.Release|x64.Build.0 = Release|Any CPU
		{E98CA143-98FB-4B00-8E96-5218FFD84D23}.Release|x86.ActiveCfg = Release|Any CPU
		{E98CA143-98FB-4B00-8E96-5218FFD84D23}.Release|x86.Build.0 = Release|Any CPU
	EndGlobalSection
	GlobalSection(SolutionProperties) = preSolution
		HideSolutionNode = FALSE
	EndGlobalSection
EndGlobal
